
Microsoft Visual Studio Solution File, Format Version 11.00
# Visual Studio 2010
Project("{FAE04EC0-301F-11D3-BF4B-00C04F79EFBC}") = "三角网", "三角网\三角网.csproj", "{0BB4EDC1-71C0-4EB1-A257-F7D200139557}"
EndProject
Global
	GlobalSection(SolutionConfigurationPlatforms) = preSolution
		Debug|Any CPU = Debug|Any CPU
		Release|Any CPU = Release|Any CPU
	EndGlobalSection
	GlobalSection(ProjectConfigurationPlatforms) = postSolution
		{0BB4EDC1-71C0-4EB1-A257-F7D200139557}.Debug|Any CPU.ActiveCfg = Debug|Any CPU
		{0BB4EDC1-71C0-4EB1-A257-F7D200139557}.Debug|Any CPU.Build.0 = Debug|Any CPU
		{0BB4EDC1-71C0-4EB1-A257-F7D200139557}.Release|Any CPU.ActiveCfg = Release|Any CPU
		{0BB4EDC1-71C0-4EB1-A257-F7D200139557}.Release|Any CPU.Build.0 = Release|Any CPU
	EndGlobalSection
	GlobalSection(SolutionProperties) = preSolution
		HideSolutionNode = FALSE
	EndGlobalSection
EndGlobal
